<?xml version="1.0" encoding="utf-8"?>
<Project ToolsVersion="4.0" xmlns="http://schemas.microsoft.com/developer/msbuild/2003">
  <ItemGroup>
    <Filter Include="源文件">
      <UniqueIdentifier>{4FC737F1-C7A5-4376-A066-2A32D752A2FF}</UniqueIdentifier>
      <Extensions>cpp;c;cc;cxx;c++;cppm;ixx;def;odl;idl;hpj;bat;asm;asmx</Extensions>
    </Filter>
    <Filter Include="头文件">
      <UniqueIdentifier>{93995380-89BD-4b04-88EB-625FBE52EBFB}</UniqueIdentifier>
      <Extensions>h;hh;hpp;hxx;h++;hm;inl;inc;ipp;xsd</Extensions>
    </Filter>
    <Filter Include="资源文件">
      <UniqueIdentifier>{67DA6AB6-F800-4c08-8B7A-83BB121AAD01}</UniqueIdentifier>
      <Extensions>rc;ico;cur;bmp;dlg;rc2;rct;bin;rgs;gif;jpg;jpeg;jpe;resx;tiff;tif;png;wav;mfcribbon-ms</Extensions>
    </Filter>
  </ItemGroup>
  <ItemGroup>
    <ClCompile Include="_GateServerEntryPoint.cpp">
      <Filter>源文件</Filter>
    </ClCompile>
    <ClCompile Include="Core\FKHttpConnection.cpp">
      <Filter>源文件</Filter>
    </ClCompile>
    <ClCompile Include="Core\FKLogicSystem.cpp">
      <Filter>源文件</Filter>
    </ClCompile>
    <ClCompile Include="Core\FKGateServer.cpp">
      <Filter>源文件</Filter>
    </ClCompile>
    <ClCompile Include="..\Flicker\Global\Mysql\FKUserMapper.cpp">
      <Filter>源文件</Filter>
    </ClCompile>
    <ClCompile Include="..\Flicker\Global\Redis\FKRedisSingleton.cpp">
      <Filter>源文件</Filter>
    </ClCompile>
    <ClCompile Include="..\Flicker\Global\universal\mysql\base_entity.cpp">
      <Filter>源文件</Filter>
    </ClCompile>
    <ClCompile Include="..\Flicker\Global\universal\mysql\connection.cpp">
      <Filter>源文件</Filter>
    </ClCompile>
    <ClCompile Include="..\Flicker\Global\universal\mysql\connection_pool.cpp">
      <Filter>源文件</Filter>
    </ClCompile>
    <ClCompile Include="..\Flicker\Global\universal\smtp\smtp_mail_sender.cpp">
      <Filter>源文件</Filter>
    </ClCompile>
    <ClCompile Include="..\Flicker\Global\Grpc\FKGrpcService.grpc.pb.cc">
      <Filter>源文件</Filter>
    </ClCompile>
    <ClCompile Include="..\Flicker\Global\Grpc\FKGrpcService.pb.cc">
      <Filter>源文件</Filter>
    </ClCompile>
    <ClCompile Include="..\Flicker\Global\Grpc\FKGrpcServiceStubPoolManager.cpp">
      <Filter>源文件</Filter>
    </ClCompile>
    <ClCompile Include="..\Flicker\Global\Asio\FKIoContextThreadPool.cpp">
      <Filter>源文件</Filter>
    </ClCompile>
  </ItemGroup>
  <ItemGroup>
    <ClInclude Include="Core\FKHttpConnection.h">
      <Filter>头文件</Filter>
    </ClInclude>
    <ClInclude Include="Core\FKLogicSystem.h">
      <Filter>头文件</Filter>
    </ClInclude>
    <ClInclude Include="Core\FKGateServer.h">
      <Filter>头文件</Filter>
    </ClInclude>
  </ItemGroup>
</Project>