<?xml version="1.0" encoding="utf-8"?>
<Project ToolsVersion="4.0" xmlns="http://schemas.microsoft.com/developer/msbuild/2003">
  <ItemGroup>
    <Filter Include="源文件">
      <UniqueIdentifier>{4FC737F1-C7A5-4376-A066-2A32D752A2FF}</UniqueIdentifier>
      <Extensions>cpp;c;cc;cxx;c++;cppm;ixx;def;odl;idl;hpj;bat;asm;asmx</Extensions>
    </Filter>
    <Filter Include="头文件">
      <UniqueIdentifier>{93995380-89BD-4b04-88EB-625FBE52EBFB}</UniqueIdentifier>
      <Extensions>h;hh;hpp;hxx;h++;hm;inl;inc;ipp;xsd</Extensions>
    </Filter>
    <Filter Include="资源文件">
      <UniqueIdentifier>{67DA6AB6-F800-4c08-8B7A-83BB121AAD01}</UniqueIdentifier>
      <Extensions>rc;ico;cur;bmp;dlg;rc2;rct;bin;rgs;gif;jpg;jpeg;jpe;resx;tiff;tif;png;wav;mfcribbon-ms</Extensions>
    </Filter>
  </ItemGroup>
  <ItemGroup>
    <ClCompile Include="main.cpp">
      <Filter>源文件</Filter>
    </ClCompile>
    <ClCompile Include="Source\Grpc\FKGrpcServiceManager.cpp">
      <Filter>源文件</Filter>
    </ClCompile>
    <ClCompile Include="Source\Grpc\FKVerifyGrpc.grpc.pb.cc">
      <Filter>源文件</Filter>
    </ClCompile>
    <ClCompile Include="Source\Grpc\FKVerifyGrpc.pb.cc">
      <Filter>源文件</Filter>
    </ClCompile>
    <ClCompile Include="Source\Redis\FKRedisConnectionPool.cpp">
      <Filter>源文件</Filter>
    </ClCompile>
    <ClCompile Include="Source\FKConfigManager.cpp">
      <Filter>源文件</Filter>
    </ClCompile>
    <ClCompile Include="Source\Asio\FKAsioThreadPool.cpp">
      <Filter>源文件</Filter>
    </ClCompile>
    <ClCompile Include="Source\Asio\FKHttpConnection.cpp">
      <Filter>源文件</Filter>
    </ClCompile>
    <ClCompile Include="Source\Asio\FKLogicSystem.cpp">
      <Filter>源文件</Filter>
    </ClCompile>
    <ClCompile Include="Source\Asio\FKServer.cpp">
      <Filter>源文件</Filter>
    </ClCompile>
    <ClCompile Include="Source\MySQL\Entity\FKUserEntity.cpp">
      <Filter>源文件</Filter>
    </ClCompile>
    <ClCompile Include="Source\MySQL\Mapper\FKUserMapper.cpp">
      <Filter>源文件</Filter>
    </ClCompile>
    <ClCompile Include="Source\MySQL\FKUserManager.cpp">
      <Filter>源文件</Filter>
    </ClCompile>
    <ClCompile Include="Source\MySQL\FKMySQLConnectionPool.cpp">
      <Filter>源文件</Filter>
    </ClCompile>
  </ItemGroup>
  <ItemGroup>
    <ClInclude Include="Source\Grpc\FKGrpcConnectionPool.hpp">
      <Filter>头文件</Filter>
    </ClInclude>
    <ClInclude Include="Source\Grpc\FKGrpcServiceManager.h">
      <Filter>头文件</Filter>
    </ClInclude>
    <ClInclude Include="Source\Grpc\FKVerifyGrpc.grpc.pb.h">
      <Filter>头文件</Filter>
    </ClInclude>
    <ClInclude Include="Source\Grpc\FKVerifyGrpc.pb.h">
      <Filter>头文件</Filter>
    </ClInclude>
    <ClInclude Include="Source\Redis\FKRedisConnectionPool.h">
      <Filter>头文件</Filter>
    </ClInclude>
    <ClInclude Include="Source\FKConfigManager.h">
      <Filter>头文件</Filter>
    </ClInclude>
    <ClInclude Include="Source\Asio\FKAsioThreadPool.h">
      <Filter>头文件</Filter>
    </ClInclude>
    <ClInclude Include="Source\Asio\FKHttpConnection.h">
      <Filter>头文件</Filter>
    </ClInclude>
    <ClInclude Include="Source\Asio\FKLogicSystem.h">
      <Filter>头文件</Filter>
    </ClInclude>
    <ClInclude Include="Source\Asio\FKServer.h">
      <Filter>头文件</Filter>
    </ClInclude>
    <ClInclude Include="Source\MySQL\Entity\FKUserEntity.h">
      <Filter>头文件</Filter>
    </ClInclude>
    <ClInclude Include="Source\MySQL\Mapper\FKUserMapper.h">
      <Filter>头文件</Filter>
    </ClInclude>
    <ClInclude Include="Source\MySQL\FKUserManager.h">
      <Filter>头文件</Filter>
    </ClInclude>
    <ClInclude Include="Source\MySQL\FKMySQLConnectionPool.h">
      <Filter>头文件</Filter>
    </ClInclude>
  </ItemGroup>
</Project>